{
  "name": "egg-sequelize",
  "version": "3.1.2",
  "lockfileVersion": 1,
  "requires": true,
  "dependencies": {
    "async-hook-jl": {
      "version": "1.7.6",
      "resolved": "http://registry.npm.taobao.org/async-hook-jl/download/async-hook-jl-1.7.6.tgz",
      "integrity": "sha1-T9JcL4ZNuvJ5xhDXO/l7GyhZXmg=",
      "requires": {
        "stack-chain": "1.3.7"
      }
    },
    "cls-hooked": {
      "version": "4.2.2",
      "resolved": "http://registry.npm.taobao.org/cls-hooked/download/cls-hooked-4.2.2.tgz",
      "integrity": "sha1-rS6aQJJoDNr/6y01UdoOIl6uGQg=",
      "requires": {
        "async-hook-jl": "1.7.6",
        "emitter-listener": "1.1.1",
        "semver": "5.5.0"
      }
    },
    "emitter-listener": {
      "version": "1.1.1",
      "resolved": "http://registry.npm.taobao.org/emitter-listener/download/emitter-listener-1.1.1.tgz",
      "integrity": "sha1-6Lu+gkS8jg0LTvcc0UKUx/JBx+w=",
      "requires": {
        "shimmer": "1.2.0"
      }
    },
    "semver": {
      "version": "5.5.0",
      "resolved": "http://registry.npm.taobao.org/semver/download/semver-5.5.0.tgz",
      "integrity": "sha1-3Eu8emyp2Rbe5dQ1FvAJK1j3uKs="
    },
    "shimmer": {
      "version": "1.2.0",
      "resolved": "http://registry.npm.taobao.org/shimmer/download/shimmer-1.2.0.tgz",
      "integrity": "sha1-+Wb3VVeJdj502IQRk2haXnhzZmU="
    },
    "stack-chain": {
      "version": "1.3.7",
      "resolved": "http://registry.npm.taobao.org/stack-chain/download/stack-chain-1.3.7.tgz",
      "integrity": "sha1-0ZLJ/06moiyUxN1FkXHj8AzqEoU="
    }
  }
}
